
Microsoft Visual Studio Solution File, Format Version 12.00
# Visual Studio 15
VisualStudioVersion = 15.0.28307.271
MinimumVisualStudioVersion = 10.0.40219.1
Project("{FAE04EC0-301F-11D3-BF4B-00C04F79EFBC}") = "Internship-6-Music", "Internship-6-Music\Internship-6-Music.csproj", "{8F51A6DF-11C5-48D6-A6E7-D99C03CF0819}"
EndProject
Global
	GlobalSection(SolutionConfigurationPlatforms) = preSolution
		Debug|Any CPU = Debug|Any CPU
		Release|Any CPU = Release|Any CPU
	EndGlobalSection
	GlobalSection(ProjectConfigurationPlatforms) = postSolution
		{8F51A6DF-11C5-48D6-A6E7-D99C03CF0819}.Debug|Any CPU.ActiveCfg = Debug|Any CPU
		{8F51A6DF-11C5-48D6-A6E7-D99C03CF0819}.Debug|Any CPU.Build.0 = Debug|Any CPU
		{8F51A6DF-11C5-48D6-A6E7-D99C03CF0819}.Release|Any CPU.ActiveCfg = Release|Any CPU
		{8F51A6DF-11C5-48D6-A6E7-D99C03CF0819}.Release|Any CPU.Build.0 = Release|Any CPU
	EndGlobalSection
	GlobalSection(SolutionProperties) = preSolution
		HideSolutionNode = FALSE
	EndGlobalSection
	GlobalSection(ExtensibilityGlobals) = postSolution
		SolutionGuid = {707B7203-70CE-4818-AA6A-02EC50CD71A0}
	EndGlobalSection
EndGlobal
